// !$*UTF8*$!
{
	archiveVersion = 1;
	classes = {
	};
	objectVersion = 56;
	objects = {

/* Begin PBXBuildFile section */
		30119B662A475345008079D7 /* CrewView.swift in Sources */ = {isa = PBXBuildFile; fileRef = 30119B652A475345008079D7 /* CrewView.swift */; };
		30119B682A4755F1008079D7 /* CrewMember.swift in Sources */ = {isa = PBXBuildFile; fileRef = 30119B672A4755F1008079D7 /* CrewMember.swift */; };
		30119B6A2A47811B008079D7 /* MoonShotGridView.swift in Sources */ = {isa = PBXBuildFile; fileRef = 30119B692A47811B008079D7 /* MoonShotGridView.swift */; };
		30119B6C2A478167008079D7 /* MoonShotListView.swift in Sources */ = {isa = PBXBuildFile; fileRef = 30119B6B2A478167008079D7 /* MoonShotListView.swift */; };
		302B5A7B2A4611C0000B53E3 /* MissionView.swift in Sources */ = {isa = PBXBuildFile; fileRef = 302B5A7A2A4611C0000B53E3 /* MissionView.swift */; };
		302B5A7D2A4618D8000B53E3 /* AstronautView.swift in Sources */ = {isa = PBXBuildFile; fileRef = 302B5A7C2A4618D8000B53E3 /* AstronautView.swift */; };
		3082B5E72A44D757006D95DD /* missions.json in Resources */ = {isa = PBXBuildFile; fileRef = 3082B5E62A44D757006D95DD /* missions.json */; };
		3082B5E92A44E257006D95DD /* astronauts.json in Resources */ = {isa = PBXBuildFile; fileRef = 3082B5E82A44E257006D95DD /* astronauts.json */; };
		3082B5EB2A44E2CD006D95DD /* Astronaut.swift in Sources */ = {isa = PBXBuildFile; fileRef = 3082B5EA2A44E2CD006D95DD /* Astronaut.swift */; };
		3082B5ED2A44E652006D95DD /* Bundle-Decodable.swift in Sources */ = {isa = PBXBuildFile; fileRef = 3082B5EC2A44E652006D95DD /* Bundle-Decodable.swift */; };
		3082B5EF2A44E833006D95DD /* Mission.swift in Sources */ = {isa = PBXBuildFile; fileRef = 3082B5EE2A44E833006D95DD /* Mission.swift */; };
		3082B5F12A44EE7F006D95DD /* Color-Theme.swift in Sources */ = {isa = PBXBuildFile; fileRef = 3082B5F02A44EE7F006D95DD /* Color-Theme.swift */; };
		309B524C2A4364D300F55F03 /* MoonshotApp.swift in Sources */ = {isa = PBXBuildFile; fileRef = 309B524B2A4364D300F55F03 /* MoonshotApp.swift */; };
		309B524E2A4364D300F55F03 /* ContentView.swift in Sources */ = {isa = PBXBuildFile; fileRef = 309B524D2A4364D300F55F03 /* ContentView.swift */; };
		309B52502A4364D400F55F03 /* Assets.xcassets in Resources */ = {isa = PBXBuildFile; fileRef = 309B524F2A4364D400F55F03 /* Assets.xcassets */; };
		309B52532A4364D400F55F03 /* Preview Assets.xcassets in Resources */ = {isa = PBXBuildFile; fileRef = 309B52522A4364D400F55F03 /* Preview Assets.xcassets */; };
/* End PBXBuildFile section */

/* Begin PBXFileReference section */
		30119B652A475345008079D7 /* CrewView.swift */ = {isa = PBXFileReference; lastKnownFileType = sourcecode.swift; path = CrewView.swift; sourceTree = "<group>"; };
		30119B672A4755F1008079D7 /* CrewMember.swift */ = {isa = PBXFileReference; lastKnownFileType = sourcecode.swift; path = CrewMember.swift; sourceTree = "<group>"; };
		30119B692A47811B008079D7 /* MoonShotGridView.swift */ = {isa = PBXFileReference; lastKnownFileType = sourcecode.swift; path = MoonShotGridView.swift; sourceTree = "<group>"; };
		30119B6B2A478167008079D7 /* MoonShotListView.swift */ = {isa = PBXFileReference; lastKnownFileType = sourcecode.swift; path = MoonShotListView.swift; sourceTree = "<group>"; };
		302B5A7A2A4611C0000B53E3 /* MissionView.swift */ = {isa = PBXFileReference; lastKnownFileType = sourcecode.swift; path = MissionView.swift; sourceTree = "<group>"; };
		302B5A7C2A4618D8000B53E3 /* AstronautView.swift */ = {isa = PBXFileReference; lastKnownFileType = sourcecode.swift; path = AstronautView.swift; sourceTree = "<group>"; };
		3082B5E62A44D757006D95DD /* missions.json */ = {isa = PBXFileReference; fileEncoding = 4; lastKnownFileType = text.json; path = missions.json; sourceTree = "<group>"; };
		3082B5E82A44E257006D95DD /* astronauts.json */ = {isa = PBXFileReference; fileEncoding = 4; lastKnownFileType = text.json; path = astronauts.json; sourceTree = "<group>"; };
		3082B5EA2A44E2CD006D95DD /* Astronaut.swift */ = {isa = PBXFileReference; lastKnownFileType = sourcecode.swift; path = Astronaut.swift; sourceTree = "<group>"; };
		3082B5EC2A44E652006D95DD /* Bundle-Decodable.swift */ = {isa = PBXFileReference; lastKnownFileType = sourcecode.swift; path = "Bundle-Decodable.swift"; sourceTree = "<group>"; };
		3082B5EE2A44E833006D95DD /* Mission.swift */ = {isa = PBXFileReference; lastKnownFileType = sourcecode.swift; path = Mission.swift; sourceTree = "<group>"; };
		3082B5F02A44EE7F006D95DD /* Color-Theme.swift */ = {isa = PBXFileReference; lastKnownFileType = sourcecode.swift; path = "Color-Theme.swift"; sourceTree = "<group>"; };
		309B52482A4364D300F55F03 /* Moonshot.app */ = {isa = PBXFileReference; explicitFileType = wrapper.application; includeInIndex = 0; path = Moonshot.app; sourceTree = BUILT_PRODUCTS_DIR; };
		309B524B2A4364D300F55F03 /* MoonshotApp.swift */ = {isa = PBXFileReference; lastKnownFileType = sourcecode.swift; path = MoonshotApp.swift; sourceTree = "<group>"; };
		309B524D2A4364D300F55F03 /* ContentView.swift */ = {isa = PBXFileReference; lastKnownFileType = sourcecode.swift; path = ContentView.swift; sourceTree = "<group>"; };
		309B524F2A4364D400F55F03 /* Assets.xcassets */ = {isa = PBXFileReference; lastKnownFileType = folder.assetcatalog; path = Assets.xcassets; sourceTree = "<group>"; };
		309B52522A4364D400F55F03 /* Preview Assets.xcassets */ = {isa = PBXFileReference; lastKnownFileType = folder.assetcatalog; path = "Preview Assets.xcassets"; sourceTree = "<group>"; };
/* End PBXFileReference section */

/* Begin PBXFrameworksBuildPhase section */
		309B52452A4364D300F55F03 /* Frameworks */ = {
			isa = PBXFrameworksBuildPhase;
			buildActionMask = 2147483647;
			files = (
			);
			runOnlyForDeploymentPostprocessing = 0;
		};
/* End PBXFrameworksBuildPhase section */

/* Begin PBXGroup section */
		309B523F2A4364D300F55F03 = {
			isa = PBXGroup;
			children = (
				309B524A2A4364D300F55F03 /* Moonshot */,
				309B52492A4364D300F55F03 /* Products */,
			);
			sourceTree = "<group>";
		};
		309B52492A4364D300F55F03 /* Products */ = {
			isa = PBXGroup;
			children = (
				309B52482A4364D300F55F03 /* Moonshot.app */,
			);
			name = Products;
			sourceTree = "<group>";
		};
		309B524A2A4364D300F55F03 /* Moonshot */ = {
			isa = PBXGroup;
			children = (
				309B524B2A4364D300F55F03 /* MoonshotApp.swift */,
				302B5A7A2A4611C0000B53E3 /* MissionView.swift */,
				309B524D2A4364D300F55F03 /* ContentView.swift */,
				30119B692A47811B008079D7 /* MoonShotGridView.swift */,
				30119B6B2A478167008079D7 /* MoonShotListView.swift */,
				30119B672A4755F1008079D7 /* CrewMember.swift */,
				302B5A7C2A4618D8000B53E3 /* AstronautView.swift */,
				30119B652A475345008079D7 /* CrewView.swift */,
				3082B5EE2A44E833006D95DD /* Mission.swift */,
				3082B5EC2A44E652006D95DD /* Bundle-Decodable.swift */,
				309B524F2A4364D400F55F03 /* Assets.xcassets */,
				3082B5F02A44EE7F006D95DD /* Color-Theme.swift */,
				3082B5EA2A44E2CD006D95DD /* Astronaut.swift */,
				3082B5E82A44E257006D95DD /* astronauts.json */,
				3082B5E62A44D757006D95DD /* missions.json */,
				309B52512A4364D400F55F03 /* Preview Content */,
			);
			path = Moonshot;
			sourceTree = "<group>";
		};
		309B52512A4364D400F55F03 /* Preview Content */ = {
			isa = PBXGroup;
			children = (
				309B52522A4364D400F55F03 /* Preview Assets.xcassets */,
			);
			path = "Preview Content";
			sourceTree = "<group>";
		};
/* End PBXGroup section */

/* Begin PBXNativeTarget section */
		309B52472A4364D300F55F03 /* Moonshot */ = {
			isa = PBXNativeTarget;
			buildConfigurationList = 309B52562A4364D400F55F03 /* Build configuration list for PBXNativeTarget "Moonshot" */;
			buildPhases = (
				309B52442A4364D300F55F03 /* Sources */,
				309B52452A4364D300F55F03 /* Frameworks */,
				309B52462A4364D300F55F03 /* Resources */,
			);
			buildRules = (
			);
			dependencies = (
			);
			name = Moonshot;
			productName = Moonshot;
			productReference = 309B52482A4364D300F55F03 /* Moonshot.app */;
			productType = "com.apple.product-type.application";
		};
/* End PBXNativeTarget section */

/* Begin PBXProject section */
		309B52402A4364D300F55F03 /* Project object */ = {
			isa = PBXProject;
			attributes = {
				BuildIndependentTargetsInParallel = 1;
				LastSwiftUpdateCheck = 1430;
				LastUpgradeCheck = 1430;
				TargetAttributes = {
					309B52472A4364D300F55F03 = {
						CreatedOnToolsVersion = 14.3.1;
					};
				};
			};
			buildConfigurationList = 309B52432A4364D300F55F03 /* Build configuration list for PBXProject "Moonshot" */;
			compatibilityVersion = "Xcode 14.0";
			developmentRegion = en;
			hasScannedForEncodings = 0;
			knownRegions = (
				en,
				Base,
			);
			mainGroup = 309B523F2A4364D300F55F03;
			productRefGroup = 309B52492A4364D300F55F03 /* Products */;
			projectDirPath = "";
			projectRoot = "";
			targets = (
				309B52472A4364D300F55F03 /* Moonshot */,
			);
		};
/* End PBXProject section */

/* Begin PBXResourcesBuildPhase section */
		309B52462A4364D300F55F03 /* Resources */ = {
			isa = PBXResourcesBuildPhase;
			buildActionMask = 2147483647;
			files = (
				309B52532A4364D400F55F03 /* Preview Assets.xcassets in Resources */,
				3082B5E72A44D757006D95DD /* missions.json in Resources */,
				309B52502A4364D400F55F03 /* Assets.xcassets in Resources */,
				3082B5E92A44E257006D95DD /* astronauts.json in Resources */,
			);
			runOnlyForDeploymentPostprocessing = 0;
		};
/* End PBXResourcesBuildPhase section */

/* Begin PBXSourcesBuildPhase section */
		309B52442A4364D300F55F03 /* Sources */ = {
			isa = PBXSourcesBuildPhase;
			buildActionMask = 2147483647;
			files = (
				302B5A7B2A4611C0000B53E3 /* MissionView.swift in Sources */,
				30119B662A475345008079D7 /* CrewView.swift in Sources */,
				3082B5EB2A44E2CD006D95DD /* Astronaut.swift in Sources */,
				30119B6C2A478167008079D7 /* MoonShotListView.swift in Sources */,
				302B5A7D2A4618D8000B53E3 /* AstronautView.swift in Sources */,
				30119B682A4755F1008079D7 /* CrewMember.swift in Sources */,
				3082B5F12A44EE7F006D95DD /* Color-Theme.swift in Sources */,
				309B524E2A4364D300F55F03 /* ContentView.swift in Sources */,
				309B524C2A4364D300F55F03 /* MoonshotApp.swift in Sources */,
				30119B6A2A47811B008079D7 /* MoonShotGridView.swift in Sources */,
				3082B5EF2A44E833006D95DD /* Mission.swift in Sources */,
				3082B5ED2A44E652006D95DD /* Bundle-Decodable.swift in Sources */,
			);
			runOnlyForDeploymentPostprocessing = 0;
		};
/* End PBXSourcesBuildPhase section */

/* Begin XCBuildConfiguration section */
		309B52542A4364D400F55F03 /* Debug */ = {
			isa = XCBuildConfiguration;
			buildSettings = {
				ALWAYS_SEARCH_USER_PATHS = NO;
				CLANG_ANALYZER_NONNULL = YES;
				CLANG_ANALYZER_NUMBER_OBJECT_CONVERSION = YES_AGGRESSIVE;
				CLANG_CXX_LANGUAGE_STANDARD = "gnu++20";
				CLANG_ENABLE_MODULES = YES;
				CLANG_ENABLE_OBJC_ARC = YES;
				CLANG_ENABLE_OBJC_WEAK = YES;
				CLANG_WARN_BLOCK_CAPTURE_AUTORELEASING = YES;
				CLANG_WARN_BOOL_CONVERSION = YES;
				CLANG_WARN_COMMA = YES;
				CLANG_WARN_CONSTANT_CONVERSION = YES;
				CLANG_WARN_DEPRECATED_OBJC_IMPLEMENTATIONS = YES;
				CLANG_WARN_DIRECT_OBJC_ISA_USAGE = YES_ERROR;
				CLANG_WARN_DOCUMENTATION_COMMENTS = YES;
				CLANG_WARN_EMPTY_BODY = YES;
				CLANG_WARN_ENUM_CONVERSION = YES;
				CLANG_WARN_INFINITE_RECURSION = YES;
				CLANG_WARN_INT_CONVERSION = YES;
				CLANG_WARN_NON_LITERAL_NULL_CONVERSION = YES;
				CLANG_WARN_OBJC_IMPLICIT_RETAIN_SELF = YES;
				CLANG_WARN_OBJC_LITERAL_CONVERSION = YES;
				CLANG_WARN_OBJC_ROOT_CLASS = YES_ERROR;
				CLANG_WARN_QUOTED_INCLUDE_IN_FRAMEWORK_HEADER = YES;
				CLANG_WARN_RANGE_LOOP_ANALYSIS = YES;
				CLANG_WARN_STRICT_PROTOTYPES = YES;
				CLANG_WARN_SUSPICIOUS_MOVE = YES;
				CLANG_WARN_UNGUARDED_AVAILABILITY = YES_AGGRESSIVE;
				CLANG_WARN_UNREACHABLE_CODE = YES;
				CLANG_WARN__DUPLICATE_METHOD_MATCH = YES;
				COPY_PHASE_STRIP = NO;
				DEBUG_INFORMATION_FORMAT = dwarf;
				ENABLE_STRICT_OBJC_MSGSEND = YES;
				ENABLE_TESTABILITY = YES;
				GCC_C_LANGUAGE_STANDARD = gnu11;
				GCC_DYNAMIC_NO_PIC = NO;
				GCC_NO_COMMON_BLOCKS = YES;
				GCC_OPTIMIZATION_LEVEL = 0;
				GCC_PREPROCESSOR_DEFINITIONS = (
					"DEBUG=1",
					"$(inherited)",
				);
				GCC_WARN_64_TO_32_BIT_CONVERSION = YES;
				GCC_WARN_ABOUT_RETURN_TYPE = YES_ERROR;
				GCC_WARN_UNDECLARED_SELECTOR = YES;
				GCC_WARN_UNINITIALIZED_AUTOS = YES_AGGRESSIVE;
				GCC_WARN_UNUSED_FUNCTION = YES;
				GCC_WARN_UNUSED_VARIABLE = YES;
				IPHONEOS_DEPLOYMENT_TARGET = 16.4;
				MTL_ENABLE_DEBUG_INFO = INCLUDE_SOURCE;
				MTL_FAST_MATH = YES;
				ONLY_ACTIVE_ARCH = YES;
				SDKROOT = iphoneos;
				SWIFT_ACTIVE_COMPILATION_CONDITIONS = DEBUG;
				SWIFT_OPTIMIZATION_LEVEL = "-Onone";
			};
			name = Debug;
		};
		309B52552A4364D400F55F03 /* Release */ = {
			isa = XCBuildConfiguration;
			buildSettings = {
				ALWAYS_SEARCH_USER_PATHS = NO;
				CLANG_ANALYZER_NONNULL = YES;
				CLANG_ANALYZER_NUMBER_OBJECT_CONVERSION = YES_AGGRESSIVE;
				CLANG_CXX_LANGUAGE_STANDARD = "gnu++20";
				CLANG_ENABLE_MODULES = YES;
				CLANG_ENABLE_OBJC_ARC = YES;
				CLANG_ENABLE_OBJC_WEAK = YES;
				CLANG_WARN_BLOCK_CAPTURE_AUTORELEASING = YES;
				CLANG_WARN_BOOL_CONVERSION = YES;
				CLANG_WARN_COMMA = YES;
				CLANG_WARN_CONSTANT_CONVERSION = YES;
				CLANG_WARN_DEPRECATED_OBJC_IMPLEMENTATIONS = YES;
				CLANG_WARN_DIRECT_OBJC_ISA_USAGE = YES_ERROR;
				CLANG_WARN_DOCUMENTATION_COMMENTS = YES;
				CLANG_WARN_EMPTY_BODY = YES;
				CLANG_WARN_ENUM_CONVERSION = YES;
				CLANG_WARN_INFINITE_RECURSION = YES;
				CLANG_WARN_INT_CONVERSION = YES;
				CLANG_WARN_NON_LITERAL_NULL_CONVERSION = YES;
				CLANG_WARN_OBJC_IMPLICIT_RETAIN_SELF = YES;
				CLANG_WARN_OBJC_LITERAL_CONVERSION = YES;
				CLANG_WARN_OBJC_ROOT_CLASS = YES_ERROR;
				CLANG_WARN_QUOTED_INCLUDE_IN_FRAMEWORK_HEADER = YES;
				CLANG_WARN_RANGE_LOOP_ANALYSIS = YES;
				CLANG_WARN_STRICT_PROTOTYPES = YES;
				CLANG_WARN_SUSPICIOUS_MOVE = YES;
				CLANG_WARN_UNGUARDED_AVAILABILITY = YES_AGGRESSIVE;
				CLANG_WARN_UNREACHABLE_CODE = YES;
				CLANG_WARN__DUPLICATE_METHOD_MATCH = YES;
				COPY_PHASE_STRIP = NO;
				DEBUG_INFORMATION_FORMAT = "dwarf-with-dsym";
				ENABLE_NS_ASSERTIONS = NO;
				ENABLE_STRICT_OBJC_MSGSEND = YES;
				GCC_C_LANGUAGE_STANDARD = gnu11;
				GCC_NO_COMMON_BLOCKS = YES;
				GCC_WARN_64_TO_32_BIT_CONVERSION = YES;
				GCC_WARN_ABOUT_RETURN_TYPE = YES_ERROR;
				GCC_WARN_UNDECLARED_SELECTOR = YES;
				GCC_WARN_UNINITIALIZED_AUTOS = YES_AGGRESSIVE;
				GCC_WARN_UNUSED_FUNCTION = YES;
				GCC_WARN_UNUSED_VARIABLE = YES;
				IPHONEOS_DEPLOYMENT_TARGET = 16.4;
				MTL_ENABLE_DEBUG_INFO = NO;
				MTL_FAST_MATH = YES;
				SDKROOT = iphoneos;
				SWIFT_COMPILATION_MODE = wholemodule;
				SWIFT_OPTIMIZATION_LEVEL = "-O";
				VALIDATE_PRODUCT = YES;
			};
			name = Release;
		};
		309B52572A4364D400F55F03 /* Debug */ = {
			isa = XCBuildConfiguration;
			buildSettings = {
				ASSETCATALOG_COMPILER_APPICON_NAME = AppIcon;
				ASSETCATALOG_COMPILER_GLOBAL_ACCENT_COLOR_NAME = AccentColor;
				CODE_SIGN_STYLE = Automatic;
				CURRENT_PROJECT_VERSION = 1;
				DEVELOPMENT_ASSET_PATHS = "\"Moonshot/Preview Content\"";
				DEVELOPMENT_TEAM = H9AZCNDQS4;
				ENABLE_PREVIEWS = YES;
				GENERATE_INFOPLIST_FILE = YES;
				INFOPLIST_KEY_UIApplicationSceneManifest_Generation = YES;
				INFOPLIST_KEY_UIApplicationSupportsIndirectInputEvents = YES;
				INFOPLIST_KEY_UILaunchScreen_Generation = YES;
				INFOPLIST_KEY_UISupportedInterfaceOrientations_iPad = "UIInterfaceOrientationPortrait UIInterfaceOrientationPortraitUpsideDown UIInterfaceOrientationLandscapeLeft UIInterfaceOrientationLandscapeRight";
				INFOPLIST_KEY_UISupportedInterfaceOrientations_iPhone = "UIInterfaceOrientationPortrait UIInterfaceOrientationLandscapeLeft UIInterfaceOrientationLandscapeRight";
				LD_RUNPATH_SEARCH_PATHS = (
					"$(inherited)",
					"@executable_path/Frameworks",
				);
				MARKETING_VERSION = 1.0;
				PRODUCT_BUNDLE_IDENTIFIER = com.justinbengtson.Moonshot;
				PRODUCT_NAME = "$(TARGET_NAME)";
				SWIFT_EMIT_LOC_STRINGS = YES;
				SWIFT_VERSION = 5.0;
				TARGETED_DEVICE_FAMILY = "1,2";
			};
			name = Debug;
		};
		309B52582A4364D400F55F03 /* Release */ = {
			isa = XCBuildConfiguration;
			buildSettings = {
				ASSETCATALOG_COMPILER_APPICON_NAME = AppIcon;
				ASSETCATALOG_COMPILER_GLOBAL_ACCENT_COLOR_NAME = AccentColor;
				CODE_SIGN_STYLE = Automatic;
				CURRENT_PROJECT_VERSION = 1;
				DEVELOPMENT_ASSET_PATHS = "\"Moonshot/Preview Content\"";
				DEVELOPMENT_TEAM = H9AZCNDQS4;
				ENABLE_PREVIEWS = YES;
				GENERATE_INFOPLIST_FILE = YES;
				INFOPLIST_KEY_UIApplicationSceneManifest_Generation = YES;
				INFOPLIST_KEY_UIApplicationSupportsIndirectInputEvents = YES;
				INFOPLIST_KEY_UILaunchScreen_Generation = YES;
				INFOPLIST_KEY_UISupportedInterfaceOrientations_iPad = "UIInterfaceOrientationPortrait UIInterfaceOrientationPortraitUpsideDown UIInterfaceOrientationLandscapeLeft UIInterfaceOrientationLandscapeRight";
				INFOPLIST_KEY_UISupportedInterfaceOrientations_iPhone = "UIInterfaceOrientationPortrait UIInterfaceOrientationLandscapeLeft UIInterfaceOrientationLandscapeRight";
				LD_RUNPATH_SEARCH_PATHS = (
					"$(inherited)",
					"@executable_path/Frameworks",
				);
				MARKETING_VERSION = 1.0;
				PRODUCT_BUNDLE_IDENTIFIER = com.justinbengtson.Moonshot;
				PRODUCT_NAME = "$(TARGET_NAME)";
				SWIFT_EMIT_LOC_STRINGS = YES;
				SWIFT_VERSION = 5.0;
				TARGETED_DEVICE_FAMILY = "1,2";
			};
			name = Release;
		};
/* End XCBuildConfiguration section */

/* Begin XCConfigurationList section */
		309B52432A4364D300F55F03 /* Build configuration list for PBXProject "Moonshot" */ = {
			isa = XCConfigurationList;
			buildConfigurations = (
				309B52542A4364D400F55F03 /* Debug */,
				309B52552A4364D400F55F03 /* Release */,
			);
			defaultConfigurationIsVisible = 0;
			defaultConfigurationName = Release;
		};
		309B52562A4364D400F55F03 /* Build configuration list for PBXNativeTarget "Moonshot" */ = {
			isa = XCConfigurationList;
			buildConfigurations = (
				309B52572A4364D400F55F03 /* Debug */,
				309B52582A4364D400F55F03 /* Release */,
			);
			defaultConfigurationIsVisible = 0;
			defaultConfigurationName = Release;
		};
/* End XCConfigurationList section */
	};
	rootObject = 309B52402A4364D300F55F03 /* Project object */;
}
